// !$*UTF8*$!
{
	archiveVersion = 1;
	classes = {
	};
	objectVersion = 77;
	objects = {

/* Begin PBXContainerItemProxy section */
		D17EFB422D6F4E3200CBF308 /* PBXContainerItemProxy */ = {
			isa = PBXContainerItemProxy;
			containerPortal = D17EFB292D6F4E3100CBF308 /* Project object */;
			proxyType = 1;
			remoteGlobalIDString = D17EFB302D6F4E3100CBF308;
			remoteInfo = AirBnbClone;
		};
		D17EFB4C2D6F4E3200CBF308 /* PBXContainerItemProxy */ = {
			isa = PBXContainerItemProxy;
			containerPortal = D17EFB292D6F4E3100CBF308 /* Project object */;
			proxyType = 1;
			remoteGlobalIDString = D17EFB302D6F4E3100CBF308;
			remoteInfo = AirBnbClone;
		};
/* End PBXContainerItemProxy section */

/* Begin PBXFileReference section */
		D17EFB312D6F4E3100CBF308 /* AirBnbClone.app */ = {isa = PBXFileReference; explicitFileType = wrapper.application; includeInIndex = 0; path = AirBnbClone.app; sourceTree = BUILT_PRODUCTS_DIR; };
		D17EFB412D6F4E3200CBF308 /* AirBnbCloneTests.xctest */ = {isa = PBXFileReference; explicitFileType = wrapper.cfbundle; includeInIndex = 0; path = AirBnbCloneTests.xctest; sourceTree = BUILT_PRODUCTS_DIR; };
		D17EFB4B2D6F4E3200CBF308 /* AirBnbCloneUITests.xctest */ = {isa = PBXFileReference; explicitFileType = wrapper.cfbundle; includeInIndex = 0; path = AirBnbCloneUITests.xctest; sourceTree = BUILT_PRODUCTS_DIR; };
/* End PBXFileReference section */

/* Begin PBXFileSystemSynchronizedRootGroup section */
		D127F6182D849E7B008D0C33 /* screenshots */ = {
			isa = PBXFileSystemSynchronizedRootGroup;
			path = screenshots;
			sourceTree = "<group>";
		};
		D17EFB332D6F4E3100CBF308 /* AirBnbClone */ = {
			isa = PBXFileSystemSynchronizedRootGroup;
			path = AirBnbClone;
			sourceTree = "<group>";
		};
/* End PBXFileSystemSynchronizedRootGroup section */

/* Begin PBXFrameworksBuildPhase section */
		D17EFB2E2D6F4E3100CBF308 /* Frameworks */ = {
			isa = PBXFrameworksBuildPhase;
			buildActionMask = 2147483647;
			files = (
			);
			runOnlyForDeploymentPostprocessing = 0;
		};
		D17EFB3E2D6F4E3200CBF308 /* Frameworks */ = {
			isa = PBXFrameworksBuildPhase;
			buildActionMask = 2147483647;
			files = (
			);
			runOnlyForDeploymentPostprocessing = 0;
		};
		D17EFB482D6F4E3200CBF308 /* Frameworks */ = {
			isa = PBXFrameworksBuildPhase;
			buildActionMask = 2147483647;
			files = (
			);
			runOnlyForDeploymentPostprocessing = 0;
		};
/* End PBXFrameworksBuildPhase section */

/* Begin PBXGroup section */
		D17EFB282D6F4E3100CBF308 = {
			isa = PBXGroup;
			children = (
				D127F6182D849E7B008D0C33 /* screenshots */,
				D17EFB322D6F4E3100CBF308 /* Products */,
				D17EFB332D6F4E3100CBF308 /* AirBnbClone */,
			);
			sourceTree = "<group>";
		};
		D17EFB322D6F4E3100CBF308 /* Products */ = {
			isa = PBXGroup;
			children = (
				D17EFB312D6F4E3100CBF308 /* AirBnbClone.app */,
				D17EFB412D6F4E3200CBF308 /* AirBnbCloneTests.xctest */,
				D17EFB4B2D6F4E3200CBF308 /* AirBnbCloneUITests.xctest */,
			);
			name = Products;
			sourceTree = "<group>";
		};
/* End PBXGroup section */

/* Begin PBXNativeTarget section */
		D17EFB302D6F4E3100CBF308 /* AirBnbClone */ = {
			isa = PBXNativeTarget;
			buildConfigurationList = D17EFB552D6F4E3200CBF308 /* Build configuration list for PBXNativeTarget "AirBnbClone" */;
			buildPhases = (
				D17EFB2D2D6F4E3100CBF308 /* Sources */,
				D17EFB2E2D6F4E3100CBF308 /* Frameworks */,
				D17EFB2F2D6F4E3100CBF308 /* Resources */,
			);
			buildRules = (
			);
			dependencies = (
			);
			fileSystemSynchronizedGroups = (
				D127F6182D849E7B008D0C33 /* screenshots */,
				D17EFB332D6F4E3100CBF308 /* AirBnbClone */,
			);
			name = AirBnbClone;
			packageProductDependencies = (
			);
			productName = AirBnbClone;
			productReference = D17EFB312D6F4E3100CBF308 /* AirBnbClone.app */;
			productType = "com.apple.product-type.application";
		};
		D17EFB402D6F4E3200CBF308 /* AirBnbCloneTests */ = {
			isa = PBXNativeTarget;
			buildConfigurationList = D17EFB582D6F4E3200CBF308 /* Build configuration list for PBXNativeTarget "AirBnbCloneTests" */;
			buildPhases = (
				D17EFB3D2D6F4E3200CBF308 /* Sources */,
				D17EFB3E2D6F4E3200CBF308 /* Frameworks */,
				D17EFB3F2D6F4E3200CBF308 /* Resources */,
			);
			buildRules = (
			);
			dependencies = (
				D17EFB432D6F4E3200CBF308 /* PBXTargetDependency */,
			);
			name = AirBnbCloneTests;
			packageProductDependencies = (
			);
			productName = AirBnbCloneTests;
			productReference = D17EFB412D6F4E3200CBF308 /* AirBnbCloneTests.xctest */;
			productType = "com.apple.product-type.bundle.unit-test";
		};
		D17EFB4A2D6F4E3200CBF308 /* AirBnbCloneUITests */ = {
			isa = PBXNativeTarget;
			buildConfigurationList = D17EFB5B2D6F4E3200CBF308 /* Build configuration list for PBXNativeTarget "AirBnbCloneUITests" */;
			buildPhases = (
				D17EFB472D6F4E3200CBF308 /* Sources */,
				D17EFB482D6F4E3200CBF308 /* Frameworks */,
				D17EFB492D6F4E3200CBF308 /* Resources */,
			);
			buildRules = (
			);
			dependencies = (
				D17EFB4D2D6F4E3200CBF308 /* PBXTargetDependency */,
			);
			name = AirBnbCloneUITests;
			packageProductDependencies = (
			);
			productName = AirBnbCloneUITests;
			productReference = D17EFB4B2D6F4E3200CBF308 /* AirBnbCloneUITests.xctest */;
			productType = "com.apple.product-type.bundle.ui-testing";
		};
/* End PBXNativeTarget section */

/* Begin PBXProject section */
		D17EFB292D6F4E3100CBF308 /* Project object */ = {
			isa = PBXProject;
			attributes = {
				BuildIndependentTargetsInParallel = 1;
				LastSwiftUpdateCheck = 1620;
				LastUpgradeCheck = 1620;
				TargetAttributes = {
					D17EFB302D6F4E3100CBF308 = {
						CreatedOnToolsVersion = 16.2;
					};
					D17EFB402D6F4E3200CBF308 = {
						CreatedOnToolsVersion = 16.2;
						TestTargetID = D17EFB302D6F4E3100CBF308;
					};
					D17EFB4A2D6F4E3200CBF308 = {
						CreatedOnToolsVersion = 16.2;
						TestTargetID = D17EFB302D6F4E3100CBF308;
					};
				};
			};
			buildConfigurationList = D17EFB2C2D6F4E3100CBF308 /* Build configuration list for PBXProject "AirBnbClone" */;
			developmentRegion = en;
			hasScannedForEncodings = 0;
			knownRegions = (
				en,
				Base,
			);
			mainGroup = D17EFB282D6F4E3100CBF308;
			minimizedProjectReferenceProxies = 1;
			preferredProjectObjectVersion = 77;
			productRefGroup = D17EFB322D6F4E3100CBF308 /* Products */;
			projectDirPath = "";
			projectRoot = "";
			targets = (
				D17EFB302D6F4E3100CBF308 /* AirBnbClone */,
				D17EFB402D6F4E3200CBF308 /* AirBnbCloneTests */,
				D17EFB4A2D6F4E3200CBF308 /* AirBnbCloneUITests */,
			);
		};
/* End PBXProject section */

/* Begin PBXResourcesBuildPhase section */
		D17EFB2F2D6F4E3100CBF308 /* Resources */ = {
			isa = PBXResourcesBuildPhase;
			buildActionMask = 2147483647;
			files = (
			);
			runOnlyForDeploymentPostprocessing = 0;
		};
		D17EFB3F2D6F4E3200CBF308 /* Resources */ = {
			isa = PBXResourcesBuildPhase;
			buildActionMask = 2147483647;
			files = (
			);
			runOnlyForDeploymentPostprocessing = 0;
		};
		D17EFB492D6F4E3200CBF308 /* Resources */ = {
			isa = PBXResourcesBuildPhase;
			buildActionMask = 2147483647;
			files = (
			);
			runOnlyForDeploymentPostprocessing = 0;
		};
/* End PBXResourcesBuildPhase section */

/* Begin PBXSourcesBuildPhase section */
		D17EFB2D2D6F4E3100CBF308 /* Sources */ = {
			isa = PBXSourcesBuildPhase;
			buildActionMask = 2147483647;
			files = (
			);
			runOnlyForDeploymentPostprocessing = 0;
		};
		D17EFB3D2D6F4E3200CBF308 /* Sources */ = {
			isa = PBXSourcesBuildPhase;
			buildActionMask = 2147483647;
			files = (
			);
			runOnlyForDeploymentPostprocessing = 0;
		};
		D17EFB472D6F4E3200CBF308 /* Sources */ = {
			isa = PBXSourcesBuildPhase;
			buildActionMask = 2147483647;
			files = (
			);
			runOnlyForDeploymentPostprocessing = 0;
		};
/* End PBXSourcesBuildPhase section */

/* Begin PBXTargetDependency section */
		D17EFB432D6F4E3200CBF308 /* PBXTargetDependency */ = {
			isa = PBXTargetDependency;
			target = D17EFB302D6F4E3100CBF308 /* AirBnbClone */;
			targetProxy = D17EFB422D6F4E3200CBF308 /* PBXContainerItemProxy */;
		};
		D17EFB4D2D6F4E3200CBF308 /* PBXTargetDependency */ = {
			isa = PBXTargetDependency;
			target = D17EFB302D6F4E3100CBF308 /* AirBnbClone */;
			targetProxy = D17EFB4C2D6F4E3200CBF308 /* PBXContainerItemProxy */;
		};
/* End PBXTargetDependency section */

/* Begin XCBuildConfiguration section */
		D17EFB532D6F4E3200CBF308 /* Debug */ = {
			isa = XCBuildConfiguration;
			buildSettings = {
				ALWAYS_SEARCH_USER_PATHS = NO;
				ASSETCATALOG_COMPILER_GENERATE_SWIFT_ASSET_SYMBOL_EXTENSIONS = YES;
				CLANG_ANALYZER_NONNULL = YES;
				CLANG_ANALYZER_NUMBER_OBJECT_CONVERSION = YES_AGGRESSIVE;
				CLANG_CXX_LANGUAGE_STANDARD = "gnu++20";
				CLANG_ENABLE_MODULES = YES;
				CLANG_ENABLE_OBJC_ARC = YES;
				CLANG_ENABLE_OBJC_WEAK = YES;
				CLANG_WARN_BLOCK_CAPTURE_AUTORELEASING = YES;
				CLANG_WARN_BOOL_CONVERSION = YES;
				CLANG_WARN_COMMA = YES;
				CLANG_WARN_CONSTANT_CONVERSION = YES;
				CLANG_WARN_DEPRECATED_OBJC_IMPLEMENTATIONS = YES;
				CLANG_WARN_DIRECT_OBJC_ISA_USAGE = YES_ERROR;
				CLANG_WARN_DOCUMENTATION_COMMENTS = YES;
				CLANG_WARN_EMPTY_BODY = YES;
				CLANG_WARN_ENUM_CONVERSION = YES;
				CLANG_WARN_INFINITE_RECURSION = YES;
				CLANG_WARN_INT_CONVERSION = YES;
				CLANG_WARN_NON_LITERAL_NULL_CONVERSION = YES;
				CLANG_WARN_OBJC_IMPLICIT_RETAIN_SELF = YES;
				CLANG_WARN_OBJC_LITERAL_CONVERSION = YES;
				CLANG_WARN_OBJC_ROOT_CLASS = YES_ERROR;
				CLANG_WARN_QUOTED_INCLUDE_IN_FRAMEWORK_HEADER = YES;
				CLANG_WARN_RANGE_LOOP_ANALYSIS = YES;
				CLANG_WARN_STRICT_PROTOTYPES = YES;
				CLANG_WARN_SUSPICIOUS_MOVE = YES;
				CLANG_WARN_UNGUARDED_AVAILABILITY = YES_AGGRESSIVE;
				CLANG_WARN_UNREACHABLE_CODE = YES;
				CLANG_WARN__DUPLICATE_METHOD_MATCH = YES;
				COPY_PHASE_STRIP = NO;
				DEBUG_INFORMATION_FORMAT = dwarf;
				ENABLE_STRICT_OBJC_MSGSEND = YES;
				ENABLE_TESTABILITY = YES;
				ENABLE_USER_SCRIPT_SANDBOXING = YES;
				GCC_C_LANGUAGE_STANDARD = gnu17;
				GCC_DYNAMIC_NO_PIC = NO;
				GCC_NO_COMMON_BLOCKS = YES;
				GCC_OPTIMIZATION_LEVEL = 0;
				GCC_PREPROCESSOR_DEFINITIONS = (
					"DEBUG=1",
					"$(inherited)",
				);
				GCC_WARN_64_TO_32_BIT_CONVERSION = YES;
				GCC_WARN_ABOUT_RETURN_TYPE = YES_ERROR;
				GCC_WARN_UNDECLARED_SELECTOR = YES;
				GCC_WARN_UNINITIALIZED_AUTOS = YES_AGGRESSIVE;
				GCC_WARN_UNUSED_FUNCTION = YES;
				GCC_WARN_UNUSED_VARIABLE = YES;
				IPHONEOS_DEPLOYMENT_TARGET = 18.2;
				LOCALIZATION_PREFERS_STRING_CATALOGS = YES;
				MTL_ENABLE_DEBUG_INFO = INCLUDE_SOURCE;
				MTL_FAST_MATH = YES;
				ONLY_ACTIVE_ARCH = YES;
				SDKROOT = iphoneos;
				SWIFT_ACTIVE_COMPILATION_CONDITIONS = "DEBUG $(inherited)";
				SWIFT_OPTIMIZATION_LEVEL = "-Onone";
			};
			name = Debug;
		};
		D17EFB542D6F4E3200CBF308 /* Release */ = {
			isa = XCBuildConfiguration;
			buildSettings = {
				ALWAYS_SEARCH_USER_PATHS = NO;
				ASSETCATALOG_COMPILER_GENERATE_SWIFT_ASSET_SYMBOL_EXTENSIONS = YES;
				CLANG_ANALYZER_NONNULL = YES;
				CLANG_ANALYZER_NUMBER_OBJECT_CONVERSION = YES_AGGRESSIVE;
				CLANG_CXX_LANGUAGE_STANDARD = "gnu++20";
				CLANG_ENABLE_MODULES = YES;
				CLANG_ENABLE_OBJC_ARC = YES;
				CLANG_ENABLE_OBJC_WEAK = YES;
				CLANG_WARN_BLOCK_CAPTURE_AUTORELEASING = YES;
				CLANG_WARN_BOOL_CONVERSION = YES;
				CLANG_WARN_COMMA = YES;
				CLANG_WARN_CONSTANT_CONVERSION = YES;
				CLANG_WARN_DEPRECATED_OBJC_IMPLEMENTATIONS = YES;
				CLANG_WARN_DIRECT_OBJC_ISA_USAGE = YES_ERROR;
				CLANG_WARN_DOCUMENTATION_COMMENTS = YES;
				CLANG_WARN_EMPTY_BODY = YES;
				CLANG_WARN_ENUM_CONVERSION = YES;
				CLANG_WARN_INFINITE_RECURSION = YES;
				CLANG_WARN_INT_CONVERSION = YES;
				CLANG_WARN_NON_LITERAL_NULL_CONVERSION = YES;
				CLANG_WARN_OBJC_IMPLICIT_RETAIN_SELF = YES;
				CLANG_WARN_OBJC_LITERAL_CONVERSION = YES;
				CLANG_WARN_OBJC_ROOT_CLASS = YES_ERROR;
				CLANG_WARN_QUOTED_INCLUDE_IN_FRAMEWORK_HEADER = YES;
				CLANG_WARN_RANGE_LOOP_ANALYSIS = YES;
				CLANG_WARN_STRICT_PROTOTYPES = YES;
				CLANG_WARN_SUSPICIOUS_MOVE = YES;
				CLANG_WARN_UNGUARDED_AVAILABILITY = YES_AGGRESSIVE;
				CLANG_WARN_UNREACHABLE_CODE = YES;
				CLANG_WARN__DUPLICATE_METHOD_MATCH = YES;
				COPY_PHASE_STRIP = NO;
				DEBUG_INFORMATION_FORMAT = "dwarf-with-dsym";
				ENABLE_NS_ASSERTIONS = NO;
				ENABLE_STRICT_OBJC_MSGSEND = YES;
				ENABLE_USER_SCRIPT_SANDBOXING = YES;
				GCC_C_LANGUAGE_STANDARD = gnu17;
				GCC_NO_COMMON_BLOCKS = YES;
				GCC_WARN_64_TO_32_BIT_CONVERSION = YES;
				GCC_WARN_ABOUT_RETURN_TYPE = YES_ERROR;
				GCC_WARN_UNDECLARED_SELECTOR = YES;
				GCC_WARN_UNINITIALIZED_AUTOS = YES_AGGRESSIVE;
				GCC_WARN_UNUSED_FUNCTION = YES;
				GCC_WARN_UNUSED_VARIABLE = YES;
				IPHONEOS_DEPLOYMENT_TARGET = 18.2;
				LOCALIZATION_PREFERS_STRING_CATALOGS = YES;
				MTL_ENABLE_DEBUG_INFO = NO;
				MTL_FAST_MATH = YES;
				SDKROOT = iphoneos;
				SWIFT_COMPILATION_MODE = wholemodule;
				VALIDATE_PRODUCT = YES;
			};
			name = Release;
		};
		D17EFB562D6F4E3200CBF308 /* Debug */ = {
			isa = XCBuildConfiguration;
			buildSettings = {
				ASSETCATALOG_COMPILER_APPICON_NAME = AppIcon;
				ASSETCATALOG_COMPILER_GLOBAL_ACCENT_COLOR_NAME = AccentColor;
				CODE_SIGN_STYLE = Automatic;
				CURRENT_PROJECT_VERSION = 1;
				DEVELOPMENT_ASSET_PATHS = "\"AirBnbClone/Preview Content\"";
				DEVELOPMENT_TEAM = 96UWHD4BQ5;
				ENABLE_PREVIEWS = YES;
				GENERATE_INFOPLIST_FILE = YES;
				INFOPLIST_KEY_UIApplicationSceneManifest_Generation = YES;
				INFOPLIST_KEY_UIApplicationSupportsIndirectInputEvents = YES;
				INFOPLIST_KEY_UILaunchScreen_Generation = YES;
				INFOPLIST_KEY_UISupportedInterfaceOrientations_iPad = "UIInterfaceOrientationPortrait UIInterfaceOrientationPortraitUpsideDown UIInterfaceOrientationLandscapeLeft UIInterfaceOrientationLandscapeRight";
				INFOPLIST_KEY_UISupportedInterfaceOrientations_iPhone = "UIInterfaceOrientationPortrait UIInterfaceOrientationLandscapeLeft UIInterfaceOrientationLandscapeRight";
				LD_RUNPATH_SEARCH_PATHS = (
					"$(inherited)",
					"@executable_path/Frameworks",
				);
				MARKETING_VERSION = 1.0;
				PRODUCT_BUNDLE_IDENTIFIER = com.example.AirBnbClone;
				PRODUCT_NAME = "$(TARGET_NAME)";
				SWIFT_EMIT_LOC_STRINGS = YES;
				SWIFT_VERSION = 5.0;
				TARGETED_DEVICE_FAMILY = "1,2";
			};
			name = Debug;
		};
		D17EFB572D6F4E3200CBF308 /* Release */ = {
			isa = XCBuildConfiguration;
			buildSettings = {
				ASSETCATALOG_COMPILER_APPICON_NAME = AppIcon;
				ASSETCATALOG_COMPILER_GLOBAL_ACCENT_COLOR_NAME = AccentColor;
				CODE_SIGN_STYLE = Automatic;
				CURRENT_PROJECT_VERSION = 1;
				DEVELOPMENT_ASSET_PATHS = "\"AirBnbClone/Preview Content\"";
				DEVELOPMENT_TEAM = 96UWHD4BQ5;
				ENABLE_PREVIEWS = YES;
				GENERATE_INFOPLIST_FILE = YES;
				INFOPLIST_KEY_UIApplicationSceneManifest_Generation = YES;
				INFOPLIST_KEY_UIApplicationSupportsIndirectInputEvents = YES;
				INFOPLIST_KEY_UILaunchScreen_Generation = YES;
				INFOPLIST_KEY_UISupportedInterfaceOrientations_iPad = "UIInterfaceOrientationPortrait UIInterfaceOrientationPortraitUpsideDown UIInterfaceOrientationLandscapeLeft UIInterfaceOrientationLandscapeRight";
				INFOPLIST_KEY_UISupportedInterfaceOrientations_iPhone = "UIInterfaceOrientationPortrait UIInterfaceOrientationLandscapeLeft UIInterfaceOrientationLandscapeRight";
				LD_RUNPATH_SEARCH_PATHS = (
					"$(inherited)",
					"@executable_path/Frameworks",
				);
				MARKETING_VERSION = 1.0;
				PRODUCT_BUNDLE_IDENTIFIER = com.example.AirBnbClone;
				PRODUCT_NAME = "$(TARGET_NAME)";
				SWIFT_EMIT_LOC_STRINGS = YES;
				SWIFT_VERSION = 5.0;
				TARGETED_DEVICE_FAMILY = "1,2";
			};
			name = Release;
		};
		D17EFB592D6F4E3200CBF308 /* Debug */ = {
			isa = XCBuildConfiguration;
			buildSettings = {
				BUNDLE_LOADER = "$(TEST_HOST)";
				CODE_SIGN_STYLE = Automatic;
				CURRENT_PROJECT_VERSION = 1;
				DEVELOPMENT_TEAM = 96UWHD4BQ5;
				GENERATE_INFOPLIST_FILE = YES;
				IPHONEOS_DEPLOYMENT_TARGET = 18.2;
				MARKETING_VERSION = 1.0;
				PRODUCT_BUNDLE_IDENTIFIER = com.example.AirBnbCloneTests;
				PRODUCT_NAME = "$(TARGET_NAME)";
				SWIFT_EMIT_LOC_STRINGS = NO;
				SWIFT_VERSION = 5.0;
				TARGETED_DEVICE_FAMILY = "1,2";
				TEST_HOST = "$(BUILT_PRODUCTS_DIR)/AirBnbClone.app/$(BUNDLE_EXECUTABLE_FOLDER_PATH)/AirBnbClone";
			};
			name = Debug;
		};
		D17EFB5A2D6F4E3200CBF308 /* Release */ = {
			isa = XCBuildConfiguration;
			buildSettings = {
				BUNDLE_LOADER = "$(TEST_HOST)";
				CODE_SIGN_STYLE = Automatic;
				CURRENT_PROJECT_VERSION = 1;
				DEVELOPMENT_TEAM = 96UWHD4BQ5;
				GENERATE_INFOPLIST_FILE = YES;
				IPHONEOS_DEPLOYMENT_TARGET = 18.2;
				MARKETING_VERSION = 1.0;
				PRODUCT_BUNDLE_IDENTIFIER = com.example.AirBnbCloneTests;
				PRODUCT_NAME = "$(TARGET_NAME)";
				SWIFT_EMIT_LOC_STRINGS = NO;
				SWIFT_VERSION = 5.0;
				TARGETED_DEVICE_FAMILY = "1,2";
				TEST_HOST = "$(BUILT_PRODUCTS_DIR)/AirBnbClone.app/$(BUNDLE_EXECUTABLE_FOLDER_PATH)/AirBnbClone";
			};
			name = Release;
		};
		D17EFB5C2D6F4E3200CBF308 /* Debug */ = {
			isa = XCBuildConfiguration;
			buildSettings = {
				CODE_SIGN_STYLE = Automatic;
				CURRENT_PROJECT_VERSION = 1;
				DEVELOPMENT_TEAM = 96UWHD4BQ5;
				GENERATE_INFOPLIST_FILE = YES;
				MARKETING_VERSION = 1.0;
				PRODUCT_BUNDLE_IDENTIFIER = com.example.AirBnbCloneUITests;
				PRODUCT_NAME = "$(TARGET_NAME)";
				SWIFT_EMIT_LOC_STRINGS = NO;
				SWIFT_VERSION = 5.0;
				TARGETED_DEVICE_FAMILY = "1,2";
				TEST_TARGET_NAME = AirBnbClone;
			};
			name = Debug;
		};
		D17EFB5D2D6F4E3200CBF308 /* Release */ = {
			isa = XCBuildConfiguration;
			buildSettings = {
				CODE_SIGN_STYLE = Automatic;
				CURRENT_PROJECT_VERSION = 1;
				DEVELOPMENT_TEAM = 96UWHD4BQ5;
				GENERATE_INFOPLIST_FILE = YES;
				MARKETING_VERSION = 1.0;
				PRODUCT_BUNDLE_IDENTIFIER = com.example.AirBnbCloneUITests;
				PRODUCT_NAME = "$(TARGET_NAME)";
				SWIFT_EMIT_LOC_STRINGS = NO;
				SWIFT_VERSION = 5.0;
				TARGETED_DEVICE_FAMILY = "1,2";
				TEST_TARGET_NAME = AirBnbClone;
			};
			name = Release;
		};
/* End XCBuildConfiguration section */

/* Begin XCConfigurationList section */
		D17EFB2C2D6F4E3100CBF308 /* Build configuration list for PBXProject "AirBnbClone" */ = {
			isa = XCConfigurationList;
			buildConfigurations = (
				D17EFB532D6F4E3200CBF308 /* Debug */,
				D17EFB542D6F4E3200CBF308 /* Release */,
			);
			defaultConfigurationIsVisible = 0;
			defaultConfigurationName = Release;
		};
		D17EFB552D6F4E3200CBF308 /* Build configuration list for PBXNativeTarget "AirBnbClone" */ = {
			isa = XCConfigurationList;
			buildConfigurations = (
				D17EFB562D6F4E3200CBF308 /* Debug */,
				D17EFB572D6F4E3200CBF308 /* Release */,
			);
			defaultConfigurationIsVisible = 0;
			defaultConfigurationName = Release;
		};
		D17EFB582D6F4E3200CBF308 /* Build configuration list for PBXNativeTarget "AirBnbCloneTests" */ = {
			isa = XCConfigurationList;
			buildConfigurations = (
				D17EFB592D6F4E3200CBF308 /* Debug */,
				D17EFB5A2D6F4E3200CBF308 /* Release */,
			);
			defaultConfigurationIsVisible = 0;
			defaultConfigurationName = Release;
		};
		D17EFB5B2D6F4E3200CBF308 /* Build configuration list for PBXNativeTarget "AirBnbCloneUITests" */ = {
			isa = XCConfigurationList;
			buildConfigurations = (
				D17EFB5C2D6F4E3200CBF308 /* Debug */,
				D17EFB5D2D6F4E3200CBF308 /* Release */,
			);
			defaultConfigurationIsVisible = 0;
			defaultConfigurationName = Release;
		};
/* End XCConfigurationList section */
	};
	rootObject = D17EFB292D6F4E3100CBF308 /* Project object */;
}
